
Microsoft Visual Studio Solution File, Format Version 12.00
# Visual Studio Version 17
VisualStudioVersion = 17.13.35913.81
MinimumVisualStudioVersion = 10.0.40219.1
Project("{FAE04EC0-301F-11D3-BF4B-00C04F79EFBC}") = "SoftwareEngineerSkills.API", "src\SoftwareEngineerSkills.API\SoftwareEngineerSkills.API.csproj", "{C2B7C239-E6B7-5DC7-7205-17150A2E7AE3}"
EndProject
Project("{FAE04EC0-301F-11D3-BF4B-00C04F79EFBC}") = "SoftwareEngineerSkills.Application", "src\SoftwareEngineerSkills.Application\SoftwareEngineerSkills.Application.csproj", "{F9E0B645-742B-4BFF-97B8-5E95CA50D089}"
EndProject
Project("{FAE04EC0-301F-11D3-BF4B-00C04F79EFBC}") = "SoftwareEngineerSkills.Domain", "src\SoftwareEngineerSkills.Domain\SoftwareEngineerSkills.Domain.csproj", "{CCBDEF18-A02B-4063-8BD8-DD94DC556CF7}"
EndProject
Project("{FAE04EC0-301F-11D3-BF4B-00C04F79EFBC}") = "SoftwareEngineerSkills.Infrastructure", "src\SoftwareEngineerSkills.Infrastructure\SoftwareEngineerSkills.Infrastructure.csproj", "{AA48A9D3-33FB-4B50-A1D7-6920E32D98BC}"
EndProject
Global
	GlobalSection(SolutionConfigurationPlatforms) = preSolution
		Debug|Any CPU = Debug|Any CPU
		Release|Any CPU = Release|Any CPU
	EndGlobalSection
	GlobalSection(ProjectConfigurationPlatforms) = postSolution
		{C2B7C239-E6B7-5DC7-7205-17150A2E7AE3}.Debug|Any CPU.ActiveCfg = Debug|Any CPU
		{C2B7C239-E6B7-5DC7-7205-17150A2E7AE3}.Debug|Any CPU.Build.0 = Debug|Any CPU
		{C2B7C239-E6B7-5DC7-7205-17150A2E7AE3}.Release|Any CPU.ActiveCfg = Release|Any CPU
		{C2B7C239-E6B7-5DC7-7205-17150A2E7AE3}.Release|Any CPU.Build.0 = Release|Any CPU
		{F9E0B645-742B-4BFF-97B8-5E95CA50D089}.Debug|Any CPU.ActiveCfg = Debug|Any CPU
		{F9E0B645-742B-4BFF-97B8-5E95CA50D089}.Debug|Any CPU.Build.0 = Debug|Any CPU
		{F9E0B645-742B-4BFF-97B8-5E95CA50D089}.Release|Any CPU.ActiveCfg = Release|Any CPU
		{F9E0B645-742B-4BFF-97B8-5E95CA50D089}.Release|Any CPU.Build.0 = Release|Any CPU
		{CCBDEF18-A02B-4063-8BD8-DD94DC556CF7}.Debug|Any CPU.ActiveCfg = Debug|Any CPU
		{CCBDEF18-A02B-4063-8BD8-DD94DC556CF7}.Debug|Any CPU.Build.0 = Debug|Any CPU
		{CCBDEF18-A02B-4063-8BD8-DD94DC556CF7}.Release|Any CPU.ActiveCfg = Release|Any CPU
		{CCBDEF18-A02B-4063-8BD8-DD94DC556CF7}.Release|Any CPU.Build.0 = Release|Any CPU
		{AA48A9D3-33FB-4B50-A1D7-6920E32D98BC}.Debug|Any CPU.ActiveCfg = Debug|Any CPU
		{AA48A9D3-33FB-4B50-A1D7-6920E32D98BC}.Debug|Any CPU.Build.0 = Debug|Any CPU
		{AA48A9D3-33FB-4B50-A1D7-6920E32D98BC}.Release|Any CPU.ActiveCfg = Release|Any CPU
		{AA48A9D3-33FB-4B50-A1D7-6920E32D98BC}.Release|Any CPU.Build.0 = Release|Any CPU
	EndGlobalSection
	GlobalSection(SolutionProperties) = preSolution
		HideSolutionNode = FALSE
	EndGlobalSection
	GlobalSection(ExtensibilityGlobals) = postSolution
		SolutionGuid = {E442D355-8858-446E-9A2F-9F7DDA1B58FA}
	EndGlobalSection
EndGlobal
